// !$*UTF8*$!
{
	archiveVersion = 1;
	classes = {
	};
	objectVersion = 55;
	objects = {

/* Begin PBXBuildFile section */
		8460E8ED27A2C91A00592369 /* FruitRowView.swift in Sources */ = {isa = PBXBuildFile; fileRef = 8460E8EC27A2C91A00592369 /* FruitRowView.swift */; };
		8460E8EF27A2D19100592369 /* FruitDetailView.swift in Sources */ = {isa = PBXBuildFile; fileRef = 8460E8EE27A2D19100592369 /* FruitDetailView.swift */; };
		84B39B7A27A4473800E3F5C5 /* FruitHeaderView.swift in Sources */ = {isa = PBXBuildFile; fileRef = 84B39B7927A4473800E3F5C5 /* FruitHeaderView.swift */; };
		84B39B7C27A44A6000E3F5C5 /* SourceLinkView.swift in Sources */ = {isa = PBXBuildFile; fileRef = 84B39B7B27A44A6000E3F5C5 /* SourceLinkView.swift */; };
		84B39B7E27A4548000E3F5C5 /* FruitNutrientsView.swift in Sources */ = {isa = PBXBuildFile; fileRef = 84B39B7D27A4548000E3F5C5 /* FruitNutrientsView.swift */; };
		84B39B8027A4591B00E3F5C5 /* SettingsView.swift in Sources */ = {isa = PBXBuildFile; fileRef = 84B39B7F27A4591B00E3F5C5 /* SettingsView.swift */; };
		84B39B8227A45E7700E3F5C5 /* SettingsLabelView.swift in Sources */ = {isa = PBXBuildFile; fileRef = 84B39B8127A45E7700E3F5C5 /* SettingsLabelView.swift */; };
		84C58FE6279D8D200039127C /* FruitsApp.swift in Sources */ = {isa = PBXBuildFile; fileRef = 84C58FE5279D8D200039127C /* FruitsApp.swift */; };
		84C58FE8279D8D200039127C /* ContentView.swift in Sources */ = {isa = PBXBuildFile; fileRef = 84C58FE7279D8D200039127C /* ContentView.swift */; };
		84C58FEA279D8D230039127C /* Assets.xcassets in Resources */ = {isa = PBXBuildFile; fileRef = 84C58FE9279D8D230039127C /* Assets.xcassets */; };
		84C58FED279D8D230039127C /* Preview Assets.xcassets in Resources */ = {isa = PBXBuildFile; fileRef = 84C58FEC279D8D230039127C /* Preview Assets.xcassets */; };
		84C58FF6279D935F0039127C /* FruitCardView.swift in Sources */ = {isa = PBXBuildFile; fileRef = 84C58FF5279D935F0039127C /* FruitCardView.swift */; };
		84C58FF8279D971A0039127C /* StartButtonView.swift in Sources */ = {isa = PBXBuildFile; fileRef = 84C58FF7279D971A0039127C /* StartButtonView.swift */; };
		84C58FFA279D9E3E0039127C /* OnboardingView.swift in Sources */ = {isa = PBXBuildFile; fileRef = 84C58FF9279D9E3E0039127C /* OnboardingView.swift */; };
		84C58FFD279DA3460039127C /* FruitModel.swift in Sources */ = {isa = PBXBuildFile; fileRef = 84C58FFC279DA3460039127C /* FruitModel.swift */; };
		84C59000279DA3EB0039127C /* FruitData.swift in Sources */ = {isa = PBXBuildFile; fileRef = 84C58FFF279DA3EB0039127C /* FruitData.swift */; };
/* End PBXBuildFile section */

/* Begin PBXFileReference section */
		8460E8EC27A2C91A00592369 /* FruitRowView.swift */ = {isa = PBXFileReference; lastKnownFileType = sourcecode.swift; path = FruitRowView.swift; sourceTree = "<group>"; };
		8460E8EE27A2D19100592369 /* FruitDetailView.swift */ = {isa = PBXFileReference; lastKnownFileType = sourcecode.swift; path = FruitDetailView.swift; sourceTree = "<group>"; };
		84B39B7927A4473800E3F5C5 /* FruitHeaderView.swift */ = {isa = PBXFileReference; lastKnownFileType = sourcecode.swift; path = FruitHeaderView.swift; sourceTree = "<group>"; };
		84B39B7B27A44A6000E3F5C5 /* SourceLinkView.swift */ = {isa = PBXFileReference; lastKnownFileType = sourcecode.swift; path = SourceLinkView.swift; sourceTree = "<group>"; };
		84B39B7D27A4548000E3F5C5 /* FruitNutrientsView.swift */ = {isa = PBXFileReference; lastKnownFileType = sourcecode.swift; path = FruitNutrientsView.swift; sourceTree = "<group>"; };
		84B39B7F27A4591B00E3F5C5 /* SettingsView.swift */ = {isa = PBXFileReference; lastKnownFileType = sourcecode.swift; path = SettingsView.swift; sourceTree = "<group>"; };
		84B39B8127A45E7700E3F5C5 /* SettingsLabelView.swift */ = {isa = PBXFileReference; lastKnownFileType = sourcecode.swift; path = SettingsLabelView.swift; sourceTree = "<group>"; };
		84C58FE2279D8D200039127C /* Fruits.app */ = {isa = PBXFileReference; explicitFileType = wrapper.application; includeInIndex = 0; path = Fruits.app; sourceTree = BUILT_PRODUCTS_DIR; };
		84C58FE5279D8D200039127C /* FruitsApp.swift */ = {isa = PBXFileReference; lastKnownFileType = sourcecode.swift; path = FruitsApp.swift; sourceTree = "<group>"; };
		84C58FE7279D8D200039127C /* ContentView.swift */ = {isa = PBXFileReference; lastKnownFileType = sourcecode.swift; path = ContentView.swift; sourceTree = "<group>"; };
		84C58FE9279D8D230039127C /* Assets.xcassets */ = {isa = PBXFileReference; lastKnownFileType = folder.assetcatalog; path = Assets.xcassets; sourceTree = "<group>"; };
		84C58FEC279D8D230039127C /* Preview Assets.xcassets */ = {isa = PBXFileReference; lastKnownFileType = folder.assetcatalog; path = "Preview Assets.xcassets"; sourceTree = "<group>"; };
		84C58FF5279D935F0039127C /* FruitCardView.swift */ = {isa = PBXFileReference; lastKnownFileType = sourcecode.swift; path = FruitCardView.swift; sourceTree = "<group>"; };
		84C58FF7279D971A0039127C /* StartButtonView.swift */ = {isa = PBXFileReference; lastKnownFileType = sourcecode.swift; path = StartButtonView.swift; sourceTree = "<group>"; };
		84C58FF9279D9E3E0039127C /* OnboardingView.swift */ = {isa = PBXFileReference; lastKnownFileType = sourcecode.swift; path = OnboardingView.swift; sourceTree = "<group>"; };
		84C58FFC279DA3460039127C /* FruitModel.swift */ = {isa = PBXFileReference; lastKnownFileType = sourcecode.swift; path = FruitModel.swift; sourceTree = "<group>"; };
		84C58FFF279DA3EB0039127C /* FruitData.swift */ = {isa = PBXFileReference; lastKnownFileType = sourcecode.swift; path = FruitData.swift; sourceTree = "<group>"; };
/* End PBXFileReference section */

/* Begin PBXFrameworksBuildPhase section */
		84C58FDF279D8D200039127C /* Frameworks */ = {
			isa = PBXFrameworksBuildPhase;
			buildActionMask = 2147483647;
			files = (
			);
			runOnlyForDeploymentPostprocessing = 0;
		};
/* End PBXFrameworksBuildPhase section */

/* Begin PBXGroup section */
		84C58FD9279D8D200039127C = {
			isa = PBXGroup;
			children = (
				84C58FE4279D8D200039127C /* Fruits */,
				84C58FE3279D8D200039127C /* Products */,
			);
			sourceTree = "<group>";
		};
		84C58FE3279D8D200039127C /* Products */ = {
			isa = PBXGroup;
			children = (
				84C58FE2279D8D200039127C /* Fruits.app */,
			);
			name = Products;
			sourceTree = "<group>";
		};
		84C58FE4279D8D200039127C /* Fruits */ = {
			isa = PBXGroup;
			children = (
				84C58FF3279D93010039127C /* App */,
				84C58FF4279D93330039127C /* View */,
				84C58FFE279DA3E20039127C /* Data */,
				84C58FFB279DA32E0039127C /* Model */,
				84C58FE9279D8D230039127C /* Assets.xcassets */,
				84C58FEB279D8D230039127C /* Preview Content */,
			);
			path = Fruits;
			sourceTree = "<group>";
		};
		84C58FEB279D8D230039127C /* Preview Content */ = {
			isa = PBXGroup;
			children = (
				84C58FEC279D8D230039127C /* Preview Assets.xcassets */,
			);
			path = "Preview Content";
			sourceTree = "<group>";
		};
		84C58FF3279D93010039127C /* App */ = {
			isa = PBXGroup;
			children = (
				84C58FE5279D8D200039127C /* FruitsApp.swift */,
				84C58FE7279D8D200039127C /* ContentView.swift */,
				84C58FF9279D9E3E0039127C /* OnboardingView.swift */,
				8460E8EE27A2D19100592369 /* FruitDetailView.swift */,
				84B39B7F27A4591B00E3F5C5 /* SettingsView.swift */,
			);
			path = App;
			sourceTree = "<group>";
		};
		84C58FF4279D93330039127C /* View */ = {
			isa = PBXGroup;
			children = (
				84C58FF5279D935F0039127C /* FruitCardView.swift */,
				84C58FF7279D971A0039127C /* StartButtonView.swift */,
				8460E8EC27A2C91A00592369 /* FruitRowView.swift */,
				84B39B7927A4473800E3F5C5 /* FruitHeaderView.swift */,
				84B39B7B27A44A6000E3F5C5 /* SourceLinkView.swift */,
				84B39B7D27A4548000E3F5C5 /* FruitNutrientsView.swift */,
				84B39B8127A45E7700E3F5C5 /* SettingsLabelView.swift */,
			);
			path = View;
			sourceTree = "<group>";
		};
		84C58FFB279DA32E0039127C /* Model */ = {
			isa = PBXGroup;
			children = (
				84C58FFC279DA3460039127C /* FruitModel.swift */,
			);
			path = Model;
			sourceTree = "<group>";
		};
		84C58FFE279DA3E20039127C /* Data */ = {
			isa = PBXGroup;
			children = (
				84C58FFF279DA3EB0039127C /* FruitData.swift */,
			);
			path = Data;
			sourceTree = "<group>";
		};
/* End PBXGroup section */

/* Begin PBXNativeTarget section */
		84C58FE1279D8D200039127C /* Fruits */ = {
			isa = PBXNativeTarget;
			buildConfigurationList = 84C58FF0279D8D230039127C /* Build configuration list for PBXNativeTarget "Fruits" */;
			buildPhases = (
				84C58FDE279D8D200039127C /* Sources */,
				84C58FDF279D8D200039127C /* Frameworks */,
				84C58FE0279D8D200039127C /* Resources */,
			);
			buildRules = (
			);
			dependencies = (
			);
			name = Fruits;
			productName = Fruits;
			productReference = 84C58FE2279D8D200039127C /* Fruits.app */;
			productType = "com.apple.product-type.application";
		};
/* End PBXNativeTarget section */

/* Begin PBXProject section */
		84C58FDA279D8D200039127C /* Project object */ = {
			isa = PBXProject;
			attributes = {
				BuildIndependentTargetsInParallel = 1;
				LastSwiftUpdateCheck = 1300;
				LastUpgradeCheck = 1300;
				TargetAttributes = {
					84C58FE1279D8D200039127C = {
						CreatedOnToolsVersion = 13.0;
					};
				};
			};
			buildConfigurationList = 84C58FDD279D8D200039127C /* Build configuration list for PBXProject "Fruits" */;
			compatibilityVersion = "Xcode 13.0";
			developmentRegion = en;
			hasScannedForEncodings = 0;
			knownRegions = (
				en,
				Base,
			);
			mainGroup = 84C58FD9279D8D200039127C;
			productRefGroup = 84C58FE3279D8D200039127C /* Products */;
			projectDirPath = "";
			projectRoot = "";
			targets = (
				84C58FE1279D8D200039127C /* Fruits */,
			);
		};
/* End PBXProject section */

/* Begin PBXResourcesBuildPhase section */
		84C58FE0279D8D200039127C /* Resources */ = {
			isa = PBXResourcesBuildPhase;
			buildActionMask = 2147483647;
			files = (
				84C58FED279D8D230039127C /* Preview Assets.xcassets in Resources */,
				84C58FEA279D8D230039127C /* Assets.xcassets in Resources */,
			);
			runOnlyForDeploymentPostprocessing = 0;
		};
/* End PBXResourcesBuildPhase section */

/* Begin PBXSourcesBuildPhase section */
		84C58FDE279D8D200039127C /* Sources */ = {
			isa = PBXSourcesBuildPhase;
			buildActionMask = 2147483647;
			files = (
				84C59000279DA3EB0039127C /* FruitData.swift in Sources */,
				84B39B7C27A44A6000E3F5C5 /* SourceLinkView.swift in Sources */,
				84C58FF6279D935F0039127C /* FruitCardView.swift in Sources */,
				8460E8ED27A2C91A00592369 /* FruitRowView.swift in Sources */,
				84B39B7E27A4548000E3F5C5 /* FruitNutrientsView.swift in Sources */,
				84C58FF8279D971A0039127C /* StartButtonView.swift in Sources */,
				8460E8EF27A2D19100592369 /* FruitDetailView.swift in Sources */,
				84C58FE8279D8D200039127C /* ContentView.swift in Sources */,
				84B39B7A27A4473800E3F5C5 /* FruitHeaderView.swift in Sources */,
				84C58FFA279D9E3E0039127C /* OnboardingView.swift in Sources */,
				84B39B8227A45E7700E3F5C5 /* SettingsLabelView.swift in Sources */,
				84C58FFD279DA3460039127C /* FruitModel.swift in Sources */,
				84C58FE6279D8D200039127C /* FruitsApp.swift in Sources */,
				84B39B8027A4591B00E3F5C5 /* SettingsView.swift in Sources */,
			);
			runOnlyForDeploymentPostprocessing = 0;
		};
/* End PBXSourcesBuildPhase section */

/* Begin XCBuildConfiguration section */
		84C58FEE279D8D230039127C /* Debug */ = {
			isa = XCBuildConfiguration;
			buildSettings = {
				ALWAYS_SEARCH_USER_PATHS = NO;
				CLANG_ANALYZER_NONNULL = YES;
				CLANG_ANALYZER_NUMBER_OBJECT_CONVERSION = YES_AGGRESSIVE;
				CLANG_CXX_LANGUAGE_STANDARD = "gnu++17";
				CLANG_CXX_LIBRARY = "libc++";
				CLANG_ENABLE_MODULES = YES;
				CLANG_ENABLE_OBJC_ARC = YES;
				CLANG_ENABLE_OBJC_WEAK = YES;
				CLANG_WARN_BLOCK_CAPTURE_AUTORELEASING = YES;
				CLANG_WARN_BOOL_CONVERSION = YES;
				CLANG_WARN_COMMA = YES;
				CLANG_WARN_CONSTANT_CONVERSION = YES;
				CLANG_WARN_DEPRECATED_OBJC_IMPLEMENTATIONS = YES;
				CLANG_WARN_DIRECT_OBJC_ISA_USAGE = YES_ERROR;
				CLANG_WARN_DOCUMENTATION_COMMENTS = YES;
				CLANG_WARN_EMPTY_BODY = YES;
				CLANG_WARN_ENUM_CONVERSION = YES;
				CLANG_WARN_INFINITE_RECURSION = YES;
				CLANG_WARN_INT_CONVERSION = YES;
				CLANG_WARN_NON_LITERAL_NULL_CONVERSION = YES;
				CLANG_WARN_OBJC_IMPLICIT_RETAIN_SELF = YES;
				CLANG_WARN_OBJC_LITERAL_CONVERSION = YES;
				CLANG_WARN_OBJC_ROOT_CLASS = YES_ERROR;
				CLANG_WARN_QUOTED_INCLUDE_IN_FRAMEWORK_HEADER = YES;
				CLANG_WARN_RANGE_LOOP_ANALYSIS = YES;
				CLANG_WARN_STRICT_PROTOTYPES = YES;
				CLANG_WARN_SUSPICIOUS_MOVE = YES;
				CLANG_WARN_UNGUARDED_AVAILABILITY = YES_AGGRESSIVE;
				CLANG_WARN_UNREACHABLE_CODE = YES;
				CLANG_WARN__DUPLICATE_METHOD_MATCH = YES;
				COPY_PHASE_STRIP = NO;
				DEBUG_INFORMATION_FORMAT = dwarf;
				ENABLE_STRICT_OBJC_MSGSEND = YES;
				ENABLE_TESTABILITY = YES;
				GCC_C_LANGUAGE_STANDARD = gnu11;
				GCC_DYNAMIC_NO_PIC = NO;
				GCC_NO_COMMON_BLOCKS = YES;
				GCC_OPTIMIZATION_LEVEL = 0;
				GCC_PREPROCESSOR_DEFINITIONS = (
					"DEBUG=1",
					"$(inherited)",
				);
				GCC_WARN_64_TO_32_BIT_CONVERSION = YES;
				GCC_WARN_ABOUT_RETURN_TYPE = YES_ERROR;
				GCC_WARN_UNDECLARED_SELECTOR = YES;
				GCC_WARN_UNINITIALIZED_AUTOS = YES_AGGRESSIVE;
				GCC_WARN_UNUSED_FUNCTION = YES;
				GCC_WARN_UNUSED_VARIABLE = YES;
				IPHONEOS_DEPLOYMENT_TARGET = 15.0;
				MTL_ENABLE_DEBUG_INFO = INCLUDE_SOURCE;
				MTL_FAST_MATH = YES;
				ONLY_ACTIVE_ARCH = YES;
				SDKROOT = iphoneos;
				SWIFT_ACTIVE_COMPILATION_CONDITIONS = DEBUG;
				SWIFT_OPTIMIZATION_LEVEL = "-Onone";
			};
			name = Debug;
		};
		84C58FEF279D8D230039127C /* Release */ = {
			isa = XCBuildConfiguration;
			buildSettings = {
				ALWAYS_SEARCH_USER_PATHS = NO;
				CLANG_ANALYZER_NONNULL = YES;
				CLANG_ANALYZER_NUMBER_OBJECT_CONVERSION = YES_AGGRESSIVE;
				CLANG_CXX_LANGUAGE_STANDARD = "gnu++17";
				CLANG_CXX_LIBRARY = "libc++";
				CLANG_ENABLE_MODULES = YES;
				CLANG_ENABLE_OBJC_ARC = YES;
				CLANG_ENABLE_OBJC_WEAK = YES;
				CLANG_WARN_BLOCK_CAPTURE_AUTORELEASING = YES;
				CLANG_WARN_BOOL_CONVERSION = YES;
				CLANG_WARN_COMMA = YES;
				CLANG_WARN_CONSTANT_CONVERSION = YES;
				CLANG_WARN_DEPRECATED_OBJC_IMPLEMENTATIONS = YES;
				CLANG_WARN_DIRECT_OBJC_ISA_USAGE = YES_ERROR;
				CLANG_WARN_DOCUMENTATION_COMMENTS = YES;
				CLANG_WARN_EMPTY_BODY = YES;
				CLANG_WARN_ENUM_CONVERSION = YES;
				CLANG_WARN_INFINITE_RECURSION = YES;
				CLANG_WARN_INT_CONVERSION = YES;
				CLANG_WARN_NON_LITERAL_NULL_CONVERSION = YES;
				CLANG_WARN_OBJC_IMPLICIT_RETAIN_SELF = YES;
				CLANG_WARN_OBJC_LITERAL_CONVERSION = YES;
				CLANG_WARN_OBJC_ROOT_CLASS = YES_ERROR;
				CLANG_WARN_QUOTED_INCLUDE_IN_FRAMEWORK_HEADER = YES;
				CLANG_WARN_RANGE_LOOP_ANALYSIS = YES;
				CLANG_WARN_STRICT_PROTOTYPES = YES;
				CLANG_WARN_SUSPICIOUS_MOVE = YES;
				CLANG_WARN_UNGUARDED_AVAILABILITY = YES_AGGRESSIVE;
				CLANG_WARN_UNREACHABLE_CODE = YES;
				CLANG_WARN__DUPLICATE_METHOD_MATCH = YES;
				COPY_PHASE_STRIP = NO;
				DEBUG_INFORMATION_FORMAT = "dwarf-with-dsym";
				ENABLE_NS_ASSERTIONS = NO;
				ENABLE_STRICT_OBJC_MSGSEND = YES;
				GCC_C_LANGUAGE_STANDARD = gnu11;
				GCC_NO_COMMON_BLOCKS = YES;
				GCC_WARN_64_TO_32_BIT_CONVERSION = YES;
				GCC_WARN_ABOUT_RETURN_TYPE = YES_ERROR;
				GCC_WARN_UNDECLARED_SELECTOR = YES;
				GCC_WARN_UNINITIALIZED_AUTOS = YES_AGGRESSIVE;
				GCC_WARN_UNUSED_FUNCTION = YES;
				GCC_WARN_UNUSED_VARIABLE = YES;
				IPHONEOS_DEPLOYMENT_TARGET = 15.0;
				MTL_ENABLE_DEBUG_INFO = NO;
				MTL_FAST_MATH = YES;
				SDKROOT = iphoneos;
				SWIFT_COMPILATION_MODE = wholemodule;
				SWIFT_OPTIMIZATION_LEVEL = "-O";
				VALIDATE_PRODUCT = YES;
			};
			name = Release;
		};
		84C58FF1279D8D230039127C /* Debug */ = {
			isa = XCBuildConfiguration;
			buildSettings = {
				ASSETCATALOG_COMPILER_APPICON_NAME = AppIcon;
				ASSETCATALOG_COMPILER_GLOBAL_ACCENT_COLOR_NAME = AccentColor;
				CODE_SIGN_STYLE = Automatic;
				CURRENT_PROJECT_VERSION = 1;
				DEVELOPMENT_ASSET_PATHS = "\"Fruits/Preview Content\"";
				DEVELOPMENT_TEAM = TW33JLNEJL;
				ENABLE_PREVIEWS = YES;
				GENERATE_INFOPLIST_FILE = YES;
				INFOPLIST_KEY_UIApplicationSceneManifest_Generation = YES;
				INFOPLIST_KEY_UIApplicationSupportsIndirectInputEvents = YES;
				INFOPLIST_KEY_UILaunchScreen_Generation = YES;
				INFOPLIST_KEY_UISupportedInterfaceOrientations = UIInterfaceOrientationPortrait;
				INFOPLIST_KEY_UISupportedInterfaceOrientations_iPad = "UIInterfaceOrientationPortrait UIInterfaceOrientationPortraitUpsideDown UIInterfaceOrientationLandscapeLeft UIInterfaceOrientationLandscapeRight";
				INFOPLIST_KEY_UISupportedInterfaceOrientations_iPhone = UIInterfaceOrientationPortrait;
				IPHONEOS_DEPLOYMENT_TARGET = 14.0;
				LD_RUNPATH_SEARCH_PATHS = (
					"$(inherited)",
					"@executable_path/Frameworks",
				);
				MARKETING_VERSION = 1.0;
				PRODUCT_BUNDLE_IDENTIFIER = com.firdavsbagirov.Fruits;
				PRODUCT_NAME = "$(TARGET_NAME)";
				SWIFT_EMIT_LOC_STRINGS = YES;
				SWIFT_VERSION = 5.0;
				TARGETED_DEVICE_FAMILY = "1,2";
			};
			name = Debug;
		};
		84C58FF2279D8D230039127C /* Release */ = {
			isa = XCBuildConfiguration;
			buildSettings = {
				ASSETCATALOG_COMPILER_APPICON_NAME = AppIcon;
				ASSETCATALOG_COMPILER_GLOBAL_ACCENT_COLOR_NAME = AccentColor;
				CODE_SIGN_STYLE = Automatic;
				CURRENT_PROJECT_VERSION = 1;
				DEVELOPMENT_ASSET_PATHS = "\"Fruits/Preview Content\"";
				DEVELOPMENT_TEAM = TW33JLNEJL;
				ENABLE_PREVIEWS = YES;
				GENERATE_INFOPLIST_FILE = YES;
				INFOPLIST_KEY_UIApplicationSceneManifest_Generation = YES;
				INFOPLIST_KEY_UIApplicationSupportsIndirectInputEvents = YES;
				INFOPLIST_KEY_UILaunchScreen_Generation = YES;
				INFOPLIST_KEY_UISupportedInterfaceOrientations = UIInterfaceOrientationPortrait;
				INFOPLIST_KEY_UISupportedInterfaceOrientations_iPad = "UIInterfaceOrientationPortrait UIInterfaceOrientationPortraitUpsideDown UIInterfaceOrientationLandscapeLeft UIInterfaceOrientationLandscapeRight";
				INFOPLIST_KEY_UISupportedInterfaceOrientations_iPhone = UIInterfaceOrientationPortrait;
				IPHONEOS_DEPLOYMENT_TARGET = 14.0;
				LD_RUNPATH_SEARCH_PATHS = (
					"$(inherited)",
					"@executable_path/Frameworks",
				);
				MARKETING_VERSION = 1.0;
				PRODUCT_BUNDLE_IDENTIFIER = com.firdavsbagirov.Fruits;
				PRODUCT_NAME = "$(TARGET_NAME)";
				SWIFT_EMIT_LOC_STRINGS = YES;
				SWIFT_VERSION = 5.0;
				TARGETED_DEVICE_FAMILY = "1,2";
			};
			name = Release;
		};
/* End XCBuildConfiguration section */

/* Begin XCConfigurationList section */
		84C58FDD279D8D200039127C /* Build configuration list for PBXProject "Fruits" */ = {
			isa = XCConfigurationList;
			buildConfigurations = (
				84C58FEE279D8D230039127C /* Debug */,
				84C58FEF279D8D230039127C /* Release */,
			);
			defaultConfigurationIsVisible = 0;
			defaultConfigurationName = Release;
		};
		84C58FF0279D8D230039127C /* Build configuration list for PBXNativeTarget "Fruits" */ = {
			isa = XCConfigurationList;
			buildConfigurations = (
				84C58FF1279D8D230039127C /* Debug */,
				84C58FF2279D8D230039127C /* Release */,
			);
			defaultConfigurationIsVisible = 0;
			defaultConfigurationName = Release;
		};
/* End XCConfigurationList section */
	};
	rootObject = 84C58FDA279D8D200039127C /* Project object */;
}
